
Microsoft Visual Studio Solution File, Format Version 12.00
# Visual Studio Version 16
VisualStudioVersion = 16.0.33423.256
MinimumVisualStudioVersion = 10.0.40219.1
Project("{FAE04EC0-301F-11D3-BF4B-00C04F79EFBC}") = "MyCSharphCompilerIDE", "MyCSharphCompilerIDE.csproj", "{D3547598-D770-4EBF-BCA6-2F1DABDAA265}"
EndProject
Global
	GlobalSection(SolutionConfigurationPlatforms) = preSolution
		Debug|Any CPU = Debug|Any CPU
		Release|Any CPU = Release|Any CPU
	EndGlobalSection
	GlobalSection(ProjectConfigurationPlatforms) = postSolution
		{D3547598-D770-4EBF-BCA6-2F1DABDAA265}.Debug|Any CPU.ActiveCfg = Debug|Any CPU
		{D3547598-D770-4EBF-BCA6-2F1DABDAA265}.Debug|Any CPU.Build.0 = Debug|Any CPU
		{D3547598-D770-4EBF-BCA6-2F1DABDAA265}.Release|Any CPU.ActiveCfg = Release|Any CPU
		{D3547598-D770-4EBF-BCA6-2F1DABDAA265}.Release|Any CPU.Build.0 = Release|Any CPU
	EndGlobalSection
	GlobalSection(SolutionProperties) = preSolution
		HideSolutionNode = FALSE
	EndGlobalSection
	GlobalSection(ExtensibilityGlobals) = postSolution
		SolutionGuid = {D1AF1328-7FBA-4741-87B1-CE26942A3C7A}
	EndGlobalSection
EndGlobal
